
Microsoft Visual Studio Solution File, Format Version 12.00
# Visual Studio Version 16
VisualStudioVersion = 16.0.30907.101
MinimumVisualStudioVersion = 10.0.40219.1
Project("{FAE04EC0-301F-11D3-BF4B-00C04F79EFBC}") = "BadOutlook", "BadOutlook\BadOutlook.csproj", "{7C58E7B4-6C74-4339-AD7B-75A4A740F1C9}"
EndProject
Global
	GlobalSection(SolutionConfigurationPlatforms) = preSolution
		Debug|Any CPU = Debug|Any CPU
		Release|Any CPU = Release|Any CPU
	EndGlobalSection
	GlobalSection(ProjectConfigurationPlatforms) = postSolution
		{7C58E7B4-6C74-4339-AD7B-75A4A740F1C9}.Debug|Any CPU.ActiveCfg = Debug|Any CPU
		{7C58E7B4-6C74-4339-AD7B-75A4A740F1C9}.Debug|Any CPU.Build.0 = Debug|Any CPU
		{7C58E7B4-6C74-4339-AD7B-75A4A740F1C9}.Release|Any CPU.ActiveCfg = Release|Any CPU
		{7C58E7B4-6C74-4339-AD7B-75A4A740F1C9}.Release|Any CPU.Build.0 = Release|Any CPU
	EndGlobalSection
	GlobalSection(SolutionProperties) = preSolution
		HideSolutionNode = FALSE
	EndGlobalSection
	GlobalSection(ExtensibilityGlobals) = postSolution
		SolutionGuid = {961DE3ED-2805-489D-99A4-FC0B5AF7B507}
	EndGlobalSection
EndGlobal
